
Microsoft Visual Studio Solution File, Format Version 12.00
# Visual Studio 15
VisualStudioVersion = 15.0.28307.902
MinimumVisualStudioVersion = 10.0.40219.1
Project("{8BC9CEB8-8B4A-11D0-8D11-00A0C91BC942}") = "Project2", "Project2\Project2.vcxproj", "{B7FAC51B-DA52-44F7-8CF1-BD96F5296968}"
EndProject
Global
	GlobalSection(SolutionConfigurationPlatforms) = preSolution
		Debug|x64 = Debug|x64
		Debug|x86 = Debug|x86
		Release|x64 = Release|x64
		Release|x86 = Release|x86
	EndGlobalSection
	GlobalSection(ProjectConfigurationPlatforms) = postSolution
		{B7FAC51B-DA52-44F7-8CF1-BD96F5296968}.Debug|x64.ActiveCfg = Debug|x64
		{B7FAC51B-DA52-44F7-8CF1-BD96F5296968}.Debug|x64.Build.0 = Debug|x64
		{B7FAC51B-DA52-44F7-8CF1-BD96F5296968}.Debug|x86.ActiveCfg = Debug|Win32
		{B7FAC51B-DA52-44F7-8CF1-BD96F5296968}.Debug|x86.Build.0 = Debug|Win32
		{B7FAC51B-DA52-44F7-8CF1-BD96F5296968}.Release|x64.ActiveCfg = Release|x64
		{B7FAC51B-DA52-44F7-8CF1-BD96F5296968}.Release|x64.Build.0 = Release|x64
		{B7FAC51B-DA52-44F7-8CF1-BD96F5296968}.Release|x86.ActiveCfg = Release|Win32
		{B7FAC51B-DA52-44F7-8CF1-BD96F5296968}.Release|x86.Build.0 = Release|Win32
	EndGlobalSection
	GlobalSection(SolutionProperties) = preSolution
		HideSolutionNode = FALSE
	EndGlobalSection
	GlobalSection(ExtensibilityGlobals) = postSolution
		SolutionGuid = {0EB57A20-6B95-475B-9C9B-7ACC06EBEA6F}
	EndGlobalSection
EndGlobal
